
Microsoft Visual Studio Solution File, Format Version 12.00
# Visual Studio 2012
Project("{FAE04EC0-301F-11D3-BF4B-00C04F79EFBC}") = "ImageTools.Tests", "src\ImageTools.Tests\ImageTools.Tests.csproj", "{F4DFAF51-9AF9-468F-97BF-AC795FDBD481}"
EndProject
Project("{FAE04EC0-301F-11D3-BF4B-00C04F79EFBC}") = "ImageTools", "src\ImageTools\ImageTools.csproj", "{93FAD718-F07F-4210-9AEA-F8BE82BB58A6}"
EndProject
Global
	GlobalSection(SolutionConfigurationPlatforms) = preSolution
		Debug|Any CPU = Debug|Any CPU
		Release|Any CPU = Release|Any CPU
	EndGlobalSection
	GlobalSection(ProjectConfigurationPlatforms) = postSolution
		{F4DFAF51-9AF9-468F-97BF-AC795FDBD481}.Debug|Any CPU.ActiveCfg = Debug|Any CPU
		{F4DFAF51-9AF9-468F-97BF-AC795FDBD481}.Debug|Any CPU.Build.0 = Debug|Any CPU
		{F4DFAF51-9AF9-468F-97BF-AC795FDBD481}.Release|Any CPU.ActiveCfg = Release|Any CPU
		{F4DFAF51-9AF9-468F-97BF-AC795FDBD481}.Release|Any CPU.Build.0 = Release|Any CPU
		{93FAD718-F07F-4210-9AEA-F8BE82BB58A6}.Debug|Any CPU.ActiveCfg = Debug|Any CPU
		{93FAD718-F07F-4210-9AEA-F8BE82BB58A6}.Debug|Any CPU.Build.0 = Debug|Any CPU
		{93FAD718-F07F-4210-9AEA-F8BE82BB58A6}.Release|Any CPU.ActiveCfg = Release|Any CPU
		{93FAD718-F07F-4210-9AEA-F8BE82BB58A6}.Release|Any CPU.Build.0 = Release|Any CPU
	EndGlobalSection
	GlobalSection(SolutionProperties) = preSolution
		HideSolutionNode = FALSE
	EndGlobalSection
EndGlobal
